version = 1
revision = 2
requires-python = "==3.12.3"

[[package]]
name = "anyio"
version = "4.11.0"
source = { registry = "https://pypi.org/simple" }
dependencies = [
    { name = "idna" },
    { name = "sniffio" },
    { name = "typing-extensions" },
]
sdist = { url = "https://files.pythonhosted.org/packages/c6/78/7d432127c41b50bccba979505f272c16cbcadcc33645d5fa3a738110ae75/anyio-4.11.0.tar.gz", hash = "sha256:82a8d0b81e318cc5ce71a5f1f8b5c4e63619620b63141ef8c995fa0db95a57c4", size = 219094, upload-time = "2025-09-23T09:19:12.58Z" }
wheels = [
    { url = "https://files.pythonhosted.org/packages/15/b3/9b1a8074496371342ec1e796a96f99c82c945a339cd81a8e73de28b4cf9e/anyio-4.11.0-py3-none-any.whl", hash = "sha256:0287e96f4d26d4149305414d4e3bc32f0dcd0862365a4bddea19d7a1ec38c4fc", size = 109097, upload-time = "2025-09-23T09:19:10.601Z" },
]

[[package]]
name = "certifi"
version = "2025.10.5"
source = { registry = "https://pypi.org/simple" }
sdist = { url = "https://files.pythonhosted.org/packages/4c/5b/b6ce21586237c77ce67d01dc5507039d444b630dd76611bbca2d8e5dcd91/certifi-2025.10.5.tar.gz", hash = "sha256:47c09d31ccf2acf0be3f701ea53595ee7e0b8fa08801c6624be771df09ae7b43", size = 164519, upload-time = "2025-10-05T04:12:15.808Z" }
wheels = [
    { url = "https://files.pythonhosted.org/packages/e4/37/af0d2ef3967ac0d6113837b44a4f0bfe1328c2b9763bd5b1744520e5cfed/certifi-2025.10.5-py3-none-any.whl", hash = "sha256:0f212c2744a9bb6de0c56639a6f68afe01ecd92d91f14ae897c4fe7bbeeef0de", size = 163286, upload-time = "2025-10-05T04:12:14.03Z" },
]

[[package]]
name = "click"
version = "8.3.0"
source = { registry = "https://pypi.org/simple" }
dependencies = [
    { name = "colorama", marker = "sys_platform == 'win32'" },
]
sdist = { url = "https://files.pythonhosted.org/packages/46/61/de6cd827efad202d7057d93e0fed9294b96952e188f7384832791c7b2254/click-8.3.0.tar.gz", hash = "sha256:e7b8232224eba16f4ebe410c25ced9f7875cb5f3263ffc93cc3e8da705e229c4", size = 276943, upload-time = "2025-09-18T17:32:23.696Z" }
wheels = [
    { url = "https://files.pythonhosted.org/packages/db/d3/9dcc0f5797f070ec8edf30fbadfb200e71d9db6b84d211e3b2085a7589a0/click-8.3.0-py3-none-any.whl", hash = "sha256:9b9f285302c6e3064f4330c05f05b81945b2a39544279343e6e7c5f27a9baddc", size = 107295, upload-time = "2025-09-18T17:32:22.42Z" },
]

[[package]]
name = "cogapp"
version = "3.5.1"
source = { git = "https://github.com/thejcannon/cog#ddf0a36c568fe9ac0124b28edf3aa8b135b2c9a3" }

[[package]]
name = "colorama"
version = "0.4.6"
source = { registry = "https://pypi.org/simple" }
sdist = { url = "https://files.pythonhosted.org/packages/d8/53/6f443c9a4a8358a93a6792e2acffb9d9d5cb0a5cfd8802644b7b1c9a02e4/colorama-0.4.6.tar.gz", hash = "sha256:08695f5cb7ed6e0531a20572697297273c47b8cae5a63ffc6d6ed5c201be6e44", size = 27697, upload-time = "2022-10-25T02:36:22.414Z" }
wheels = [
    { url = "https://files.pythonhosted.org/packages/d1/d6/3965ed04c63042e047cb6a3e6ed1a63a35087b6a609aa3a15ed8ac56c221/colorama-0.4.6-py2.py3-none-any.whl", hash = "sha256:4f1d9991f5acc0ca119f9d443620b77f9d6b33703e51011c16baf57afb285fc6", size = 25335, upload-time = "2022-10-25T02:36:20.889Z" },
]

[[package]]
name = "gha-update"
version = "0.2.0"
source = { registry = "https://pypi.org/simple" }
dependencies = [
    { name = "click" },
    { name = "httpx" },
]
sdist = { url = "https://files.pythonhosted.org/packages/46/e8/eb710e08998a22b314cc068f14805cfdd12e3934a5496c8916c5a164c65a/gha_update-0.2.0.tar.gz", hash = "sha256:328ee0db09346ad13ee90646698cea2ec1f9035964ddd7c2a728a91034c3f4b0", size = 4756, upload-time = "2025-07-14T03:13:33.254Z" }
wheels = [
    { url = "https://files.pythonhosted.org/packages/4b/29/a0e42b0b80d614aa82929f65cce0d51443eea296802b2094cadc5660321b/gha_update-0.2.0-py3-none-any.whl", hash = "sha256:ec5641bf23f71baa1232fc61b3059fb08456e1b78150d1e9c1bab69b37046e49", size = 5323, upload-time = "2025-07-14T03:13:31.932Z" },
]

[[package]]
name = "h11"
version = "0.16.0"
source = { registry = "https://pypi.org/simple" }
sdist = { url = "https://files.pythonhosted.org/packages/01/ee/02a2c011bdab74c6fb3c75474d40b3052059d95df7e73351460c8588d963/h11-0.16.0.tar.gz", hash = "sha256:4e35b956cf45792e4caa5885e69fba00bdbc6ffafbfa020300e549b208ee5ff1", size = 101250, upload-time = "2025-04-24T03:35:25.427Z" }
wheels = [
    { url = "https://files.pythonhosted.org/packages/04/4b/29cac41a4d98d144bf5f6d33995617b185d14b22401f75ca86f384e87ff1/h11-0.16.0-py3-none-any.whl", hash = "sha256:63cf8bbe7522de3bf65932fda1d9c2772064ffb3dae62d55932da54b31cb6c86", size = 37515, upload-time = "2025-04-24T03:35:24.344Z" },
]

[[package]]
name = "httpcore"
version = "1.0.9"
source = { registry = "https://pypi.org/simple" }
dependencies = [
    { name = "certifi" },
    { name = "h11" },
]
sdist = { url = "https://files.pythonhosted.org/packages/06/94/82699a10bca87a5556c9c59b5963f2d039dbd239f25bc2a63907a05a14cb/httpcore-1.0.9.tar.gz", hash = "sha256:6e34463af53fd2ab5d807f399a9b45ea31c3dfa2276f15a2c3f00afff6e176e8", size = 85484, upload-time = "2025-04-24T22:06:22.219Z" }
wheels = [
    { url = "https://files.pythonhosted.org/packages/7e/f5/f66802a942d491edb555dd61e3a9961140fd64c90bce1eafd741609d334d/httpcore-1.0.9-py3-none-any.whl", hash = "sha256:2d400746a40668fc9dec9810239072b40b4484b640a8c38fd654a024c7a1bf55", size = 78784, upload-time = "2025-04-24T22:06:20.566Z" },
]

[[package]]
name = "httpx"
version = "0.28.1"
source = { registry = "https://pypi.org/simple" }
dependencies = [
    { name = "anyio" },
    { name = "certifi" },
    { name = "httpcore" },
    { name = "idna" },
]
sdist = { url = "https://files.pythonhosted.org/packages/b1/df/48c586a5fe32a0f01324ee087459e112ebb7224f646c0b5023f5e79e9956/httpx-0.28.1.tar.gz", hash = "sha256:75e98c5f16b0f35b567856f597f06ff2270a374470a5c2392242528e3e3e42fc", size = 141406, upload-time = "2024-12-06T15:37:23.222Z" }
wheels = [
    { url = "https://files.pythonhosted.org/packages/2a/39/e50c7c3a983047577ee07d2a9e53faf5a69493943ec3f6a384bdc792deb2/httpx-0.28.1-py3-none-any.whl", hash = "sha256:d909fcccc110f8c7faf814ca82a9a4d816bc5a6dbfea25d6591d6985b8ba59ad", size = 73517, upload-time = "2024-12-06T15:37:21.509Z" },
]

[[package]]
name = "idna"
version = "3.11"
source = { registry = "https://pypi.org/simple" }
sdist = { url = "https://files.pythonhosted.org/packages/6f/6d/0703ccc57f3a7233505399edb88de3cbd678da106337b9fcde432b65ed60/idna-3.11.tar.gz", hash = "sha256:795dafcc9c04ed0c1fb032c2aa73654d8e8c5023a7df64a53f39190ada629902", size = 194582, upload-time = "2025-10-12T14:55:20.501Z" }
wheels = [
    { url = "https://files.pythonhosted.org/packages/0e/61/66938bbb5fc52dbdf84594873d5b51fb1f7c7794e9c0f5bd885f30bc507b/idna-3.11-py3-none-any.whl", hash = "sha256:771a87f49d9defaf64091e6e6fe9c18d4833f140bd19464795bc32d966ca37ea", size = 71008, upload-time = "2025-10-12T14:55:18.883Z" },
]

[[package]]
name = "keeping-it-wheel"
version = "0.1.0"
source = { virtual = "." }

[package.dev-dependencies]
dev = [
    { name = "cogapp" },
    { name = "gha-update" },
    { name = "zizmor" },
]

[package.metadata]

[package.metadata.requires-dev]
dev = [
    { name = "cogapp", git = "https://github.com/thejcannon/cog" },
    { name = "gha-update" },
    { name = "zizmor" },
]

[[package]]
name = "sniffio"
version = "1.3.1"
source = { registry = "https://pypi.org/simple" }
sdist = { url = "https://files.pythonhosted.org/packages/a2/87/a6771e1546d97e7e041b6ae58d80074f81b7d5121207425c964ddf5cfdbd/sniffio-1.3.1.tar.gz", hash = "sha256:f4324edc670a0f49750a81b895f35c3adb843cca46f0530f79fc1babb23789dc", size = 20372, upload-time = "2024-02-25T23:20:04.057Z" }
wheels = [
    { url = "https://files.pythonhosted.org/packages/e9/44/75a9c9421471a6c4805dbf2356f7c181a29c1879239abab1ea2cc8f38b40/sniffio-1.3.1-py3-none-any.whl", hash = "sha256:2f6da418d1f1e0fddd844478f41680e794e6051915791a034ff65e5f100525a2", size = 10235, upload-time = "2024-02-25T23:20:01.196Z" },
]

[[package]]
name = "typing-extensions"
version = "4.15.0"
source = { registry = "https://pypi.org/simple" }
sdist = { url = "https://files.pythonhosted.org/packages/72/94/1a15dd82efb362ac84269196e94cf00f187f7ed21c242792a923cdb1c61f/typing_extensions-4.15.0.tar.gz", hash = "sha256:0cea48d173cc12fa28ecabc3b837ea3cf6f38c6d1136f85cbaaf598984861466", size = 109391, upload-time = "2025-08-25T13:49:26.313Z" }
wheels = [
    { url = "https://files.pythonhosted.org/packages/18/67/36e9267722cc04a6b9f15c7f3441c2363321a3ea07da7ae0c0707beb2a9c/typing_extensions-4.15.0-py3-none-any.whl", hash = "sha256:f0fa19c6845758ab08074a0cfa8b7aecb71c999ca73d62883bc25cc018c4e548", size = 44614, upload-time = "2025-08-25T13:49:24.86Z" },
]

[[package]]
name = "zizmor"
version = "1.15.2"
source = { registry = "https://pypi.org/simple" }
sdist = { url = "https://files.pythonhosted.org/packages/61/05/775c4f8076a7793384c9df0bac66eb4fba518150882b85b178bdb6a3e9d9/zizmor-1.15.2.tar.gz", hash = "sha256:02e295d8a97fef0bd1c1b1438eb5b7ba6cdcf71894e45ee2e14269579cc11fa2", size = 384666, upload-time = "2025-10-14T15:02:23.293Z" }
wheels = [
    { url = "https://files.pythonhosted.org/packages/88/6a/9efbfc00a952592725f464fba2dfd38f3fab8101f4b98bfed92183dd28fb/zizmor-1.15.2-py3-none-macosx_10_12_x86_64.whl", hash = "sha256:6ecdf45aa1bf2b99cfa9a8a5641fb05c89a98ab38648a4ddd248c94f03a6673f", size = 6942196, upload-time = "2025-10-14T15:02:16.554Z" },
    { url = "https://files.pythonhosted.org/packages/2e/93/5d89f81091c31a66a1d64781c0fd2f3c22c948d30513ddc3f68a967538a6/zizmor-1.15.2-py3-none-macosx_11_0_arm64.whl", hash = "sha256:3eaa500fefccbcd45c21038d879a662944e453b71de7ab6f3fb4c55be35f1a27", size = 6551013, upload-time = "2025-10-14T15:02:15.217Z" },
    { url = "https://files.pythonhosted.org/packages/9a/da/55aa363ea58cdd7cdad911f5b3c1abe461f65d83aa46447cae34eeb9cefb/zizmor-1.15.2-py3-none-manylinux_2_24_aarch64.whl", hash = "sha256:015cbb03138b7a8be85287f98957afa2b7c014019242c33c23d6984e2bb1b3fa", size = 6825574, upload-time = "2025-10-14T15:02:10.239Z" },
    { url = "https://files.pythonhosted.org/packages/16/65/a22881f38d50e19f4d9607e41483205d8b2191f2c09ea847176361dafaef/zizmor-1.15.2-py3-none-manylinux_2_28_armv7l.whl", hash = "sha256:e41eff0c812de71102599e17369f02bf8d76884371509f11a414d889ce3e1f55", size = 6538122, upload-time = "2025-10-14T15:02:12.462Z" },
    { url = "https://files.pythonhosted.org/packages/ed/71/f4ef6980a5bd266edfab08c67712deaff9165c45b15720be846031b71d86/zizmor-1.15.2-py3-none-manylinux_2_28_x86_64.whl", hash = "sha256:d7ae84ca07a05939deccfcc4ae4ea10ccf6800d752263b49bbbfd90f3f6acc37", size = 7131829, upload-time = "2025-10-14T15:02:13.883Z" },
    { url = "https://files.pythonhosted.org/packages/be/f1/200d44114dbb19dae44925f793b97f8e7316655e3d65353e3f36c4e1e3f1/zizmor-1.15.2-py3-none-musllinux_1_2_aarch64.whl", hash = "sha256:44aca6641be4f28a819160db08d81fdf307a168e583b881fddfbb27396397c12", size = 6844318, upload-time = "2025-10-14T15:02:17.972Z" },
    { url = "https://files.pythonhosted.org/packages/6d/40/d86743e67fbb653deab99eccbcd4754c0841dc524da89a5be846412bb70d/zizmor-1.15.2-py3-none-musllinux_1_2_armv7l.whl", hash = "sha256:f5655b757ebc3987b2d4b4f7412ba0163b8fcbec97737b0fb272bcd86d2d18b2", size = 6551932, upload-time = "2025-10-14T15:02:19.615Z" },
    { url = "https://files.pythonhosted.org/packages/2b/bc/0a9f86d2731f237a882aa9ef70bcf1d25dbe67b3b7b51ec5e21b31866168/zizmor-1.15.2-py3-none-musllinux_1_2_x86_64.whl", hash = "sha256:258d5b7731b17f2d4aef9c27aebeb21b5910c66ea57224365c6e0f0c9299e86e", size = 7239487, upload-time = "2025-10-14T15:02:21.985Z" },
    { url = "https://files.pythonhosted.org/packages/aa/6a/fbed9fd802a57607b8db593c45c6d52cf3be515489d1421d276f9e203c6e/zizmor-1.15.2-py3-none-win32.whl", hash = "sha256:75562fc3717e1b05be0afaf750a0a775788e3679926377d3a569130e92d5f948", size = 5791429, upload-time = "2025-10-14T15:02:25.972Z" },
    { url = "https://files.pythonhosted.org/packages/c3/85/c4ea0d438fb890f3a2eb9acf9a4f4ebf497574438de3afa2984d81d49f9b/zizmor-1.15.2-py3-none-win_amd64.whl", hash = "sha256:8341528d2c1a39e857aa484dd4899c5fa6ccde155c14a0db15210ebbfc31ed54", size = 6520551, upload-time = "2025-10-14T15:02:24.67Z" },
]
