version = 1
revision = 2
requires-python = "==3.12.3"

[[package]]
name = "anyio"
version = "4.9.0"
source = { registry = "https://pypi.org/simple" }
dependencies = [
    { name = "idna" },
    { name = "sniffio" },
    { name = "typing-extensions" },
]
sdist = { url = "https://files.pythonhosted.org/packages/95/7d/4c1bd541d4dffa1b52bd83fb8527089e097a106fc90b467a7313b105f840/anyio-4.9.0.tar.gz", hash = "sha256:673c0c244e15788651a4ff38710fea9675823028a6f08a5eda409e0c9840a028", size = 190949, upload-time = "2025-03-17T00:02:54.77Z" }
wheels = [
    { url = "https://files.pythonhosted.org/packages/a1/ee/48ca1a7c89ffec8b6a0c5d02b89c305671d5ffd8d3c94acf8b8c408575bb/anyio-4.9.0-py3-none-any.whl", hash = "sha256:9f76d541cad6e36af7beb62e978876f3b41e3e04f2c1fbf0884604c0a9c4d93c", size = 100916, upload-time = "2025-03-17T00:02:52.713Z" },
]

[[package]]
name = "certifi"
version = "2025.6.15"
source = { registry = "https://pypi.org/simple" }
sdist = { url = "https://files.pythonhosted.org/packages/73/f7/f14b46d4bcd21092d7d3ccef689615220d8a08fb25e564b65d20738e672e/certifi-2025.6.15.tar.gz", hash = "sha256:d747aa5a8b9bbbb1bb8c22bb13e22bd1f18e9796defa16bab421f7f7a317323b", size = 158753, upload-time = "2025-06-15T02:45:51.329Z" }
wheels = [
    { url = "https://files.pythonhosted.org/packages/84/ae/320161bd181fc06471eed047ecce67b693fd7515b16d495d8932db763426/certifi-2025.6.15-py3-none-any.whl", hash = "sha256:2e0c7ce7cb5d8f8634ca55d2ba7e6ec2689a2fd6537d8dec1296a477a4910057", size = 157650, upload-time = "2025-06-15T02:45:49.977Z" },
]

[[package]]
name = "cogapp"
version = "3.5.1"
source = { git = "https://github.com/thejcannon/cog#ddf0a36c568fe9ac0124b28edf3aa8b135b2c9a3" }

[[package]]
name = "h11"
version = "0.16.0"
source = { registry = "https://pypi.org/simple" }
sdist = { url = "https://files.pythonhosted.org/packages/01/ee/02a2c011bdab74c6fb3c75474d40b3052059d95df7e73351460c8588d963/h11-0.16.0.tar.gz", hash = "sha256:4e35b956cf45792e4caa5885e69fba00bdbc6ffafbfa020300e549b208ee5ff1", size = 101250, upload-time = "2025-04-24T03:35:25.427Z" }
wheels = [
    { url = "https://files.pythonhosted.org/packages/04/4b/29cac41a4d98d144bf5f6d33995617b185d14b22401f75ca86f384e87ff1/h11-0.16.0-py3-none-any.whl", hash = "sha256:63cf8bbe7522de3bf65932fda1d9c2772064ffb3dae62d55932da54b31cb6c86", size = 37515, upload-time = "2025-04-24T03:35:24.344Z" },
]

[[package]]
name = "httpcore"
version = "1.0.9"
source = { registry = "https://pypi.org/simple" }
dependencies = [
    { name = "certifi" },
    { name = "h11" },
]
sdist = { url = "https://files.pythonhosted.org/packages/06/94/82699a10bca87a5556c9c59b5963f2d039dbd239f25bc2a63907a05a14cb/httpcore-1.0.9.tar.gz", hash = "sha256:6e34463af53fd2ab5d807f399a9b45ea31c3dfa2276f15a2c3f00afff6e176e8", size = 85484, upload-time = "2025-04-24T22:06:22.219Z" }
wheels = [
    { url = "https://files.pythonhosted.org/packages/7e/f5/f66802a942d491edb555dd61e3a9961140fd64c90bce1eafd741609d334d/httpcore-1.0.9-py3-none-any.whl", hash = "sha256:2d400746a40668fc9dec9810239072b40b4484b640a8c38fd654a024c7a1bf55", size = 78784, upload-time = "2025-04-24T22:06:20.566Z" },
]

[[package]]
name = "httpx"
version = "0.28.1"
source = { registry = "https://pypi.org/simple" }
dependencies = [
    { name = "anyio" },
    { name = "certifi" },
    { name = "httpcore" },
    { name = "idna" },
]
sdist = { url = "https://files.pythonhosted.org/packages/b1/df/48c586a5fe32a0f01324ee087459e112ebb7224f646c0b5023f5e79e9956/httpx-0.28.1.tar.gz", hash = "sha256:75e98c5f16b0f35b567856f597f06ff2270a374470a5c2392242528e3e3e42fc", size = 141406, upload-time = "2024-12-06T15:37:23.222Z" }
wheels = [
    { url = "https://files.pythonhosted.org/packages/2a/39/e50c7c3a983047577ee07d2a9e53faf5a69493943ec3f6a384bdc792deb2/httpx-0.28.1-py3-none-any.whl", hash = "sha256:d909fcccc110f8c7faf814ca82a9a4d816bc5a6dbfea25d6591d6985b8ba59ad", size = 73517, upload-time = "2024-12-06T15:37:21.509Z" },
]

[[package]]
name = "idna"
version = "3.10"
source = { registry = "https://pypi.org/simple" }
sdist = { url = "https://files.pythonhosted.org/packages/f1/70/7703c29685631f5a7590aa73f1f1d3fa9a380e654b86af429e0934a32f7d/idna-3.10.tar.gz", hash = "sha256:12f65c9b470abda6dc35cf8e63cc574b1c52b11df2c86030af0ac09b01b13ea9", size = 190490, upload-time = "2024-09-15T18:07:39.745Z" }
wheels = [
    { url = "https://files.pythonhosted.org/packages/76/c6/c88e154df9c4e1a2a66ccf0005a88dfb2650c1dffb6f5ce603dfbd452ce3/idna-3.10-py3-none-any.whl", hash = "sha256:946d195a0d259cbba61165e88e65941f16e9b36ea6ddb97f00452bae8b1287d3", size = 70442, upload-time = "2024-09-15T18:07:37.964Z" },
]

[[package]]
name = "keeping-it-wheel"
version = "0.1.0"
source = { virtual = "." }

[package.dev-dependencies]
dev = [
    { name = "cogapp" },
    { name = "httpx" },
    { name = "zizmor" },
]

[package.metadata]

[package.metadata.requires-dev]
dev = [
    { name = "cogapp", git = "https://github.com/thejcannon/cog" },
    { name = "httpx", specifier = ">=0.28.1" },
    { name = "zizmor", specifier = ">=1.11.0" },
]

[[package]]
name = "sniffio"
version = "1.3.1"
source = { registry = "https://pypi.org/simple" }
sdist = { url = "https://files.pythonhosted.org/packages/a2/87/a6771e1546d97e7e041b6ae58d80074f81b7d5121207425c964ddf5cfdbd/sniffio-1.3.1.tar.gz", hash = "sha256:f4324edc670a0f49750a81b895f35c3adb843cca46f0530f79fc1babb23789dc", size = 20372, upload-time = "2024-02-25T23:20:04.057Z" }
wheels = [
    { url = "https://files.pythonhosted.org/packages/e9/44/75a9c9421471a6c4805dbf2356f7c181a29c1879239abab1ea2cc8f38b40/sniffio-1.3.1-py3-none-any.whl", hash = "sha256:2f6da418d1f1e0fddd844478f41680e794e6051915791a034ff65e5f100525a2", size = 10235, upload-time = "2024-02-25T23:20:01.196Z" },
]

[[package]]
name = "typing-extensions"
version = "4.14.1"
source = { registry = "https://pypi.org/simple" }
sdist = { url = "https://files.pythonhosted.org/packages/98/5a/da40306b885cc8c09109dc2e1abd358d5684b1425678151cdaed4731c822/typing_extensions-4.14.1.tar.gz", hash = "sha256:38b39f4aeeab64884ce9f74c94263ef78f3c22467c8724005483154c26648d36", size = 107673, upload-time = "2025-07-04T13:28:34.16Z" }
wheels = [
    { url = "https://files.pythonhosted.org/packages/b5/00/d631e67a838026495268c2f6884f3711a15a9a2a96cd244fdaea53b823fb/typing_extensions-4.14.1-py3-none-any.whl", hash = "sha256:d1e1e3b58374dc93031d6eda2420a48ea44a36c2b4766a4fdeb3710755731d76", size = 43906, upload-time = "2025-07-04T13:28:32.743Z" },
]

[[package]]
name = "zizmor"
version = "1.11.0"
source = { registry = "https://pypi.org/simple" }
sdist = { url = "https://files.pythonhosted.org/packages/37/ad/7ac1cf709672ad111fca4c05431f1e324454495704565d740dac2d4c19d9/zizmor-1.11.0.tar.gz", hash = "sha256:861cf4ec28df79903c18523c8084d2afe6b244baac133dcec06f696d0bcd7ba6", size = 319033, upload-time = "2025-06-30T19:07:48.442Z" }
wheels = [
    { url = "https://files.pythonhosted.org/packages/19/cd/f6ccea71d9df20c25ccee4c0d9a989a3ea24b3f2ca5910816be49342328e/zizmor-1.11.0-py3-none-macosx_10_12_x86_64.whl", hash = "sha256:3697e0b5f531dafccb1c4e1adb5db0c15c403136afec351a30385321b423f392", size = 6599182, upload-time = "2025-06-30T19:07:41.793Z" },
    { url = "https://files.pythonhosted.org/packages/de/46/989438f7e95e80609d8747951ba660693cbe28420da263e1f29081e7ca76/zizmor-1.11.0-py3-none-macosx_11_0_arm64.whl", hash = "sha256:9b6732c92eac7de521c074ae4fdcee11d5887f56cbaf2d2f345ec9746122fe6d", size = 6249793, upload-time = "2025-06-30T19:07:39.948Z" },
    { url = "https://files.pythonhosted.org/packages/09/a8/3b677626b6bd20e5c6a281efea7c7ee2475ec4b766bafafd00fcb604b10d/zizmor-1.11.0-py3-none-manylinux_2_24_aarch64.whl", hash = "sha256:bde08b33ad6e57c8ff3b0a24fd1e3c06ec16f8dca4a754cab55833789894bc09", size = 6423583, upload-time = "2025-06-30T19:07:35.176Z" },
    { url = "https://files.pythonhosted.org/packages/63/f2/38904965e3f0dd77a4d25d910fc8b2551353f990865b55663623b6d050b0/zizmor-1.11.0-py3-none-manylinux_2_28_armv7l.whl", hash = "sha256:5b3c842fde26a8e05137736a78c836ba37706831a6fbf67111b33e39586d2003", size = 6447506, upload-time = "2025-06-30T19:07:37.197Z" },
    { url = "https://files.pythonhosted.org/packages/6f/20/3d93d9eade05acf3bcf00240995e1d2e31991312e3b4424e43a8b76e66b2/zizmor-1.11.0-py3-none-manylinux_2_28_x86_64.whl", hash = "sha256:1b15da53f9b4ded85435282c20c55a653b4b5c79872a63f63fc03d2e7474f041", size = 6788748, upload-time = "2025-06-30T19:07:38.593Z" },
    { url = "https://files.pythonhosted.org/packages/bc/dc/1d4c94b0f47bd915ca3132cc6028ccdd02bde9d2130233c2a4450952cc69/zizmor-1.11.0-py3-none-musllinux_1_2_aarch64.whl", hash = "sha256:1e8b5d75ca53a7f48dff3d6b991aaee3a7f5f7875d7d3134bbc04a91c8a464ea", size = 6391155, upload-time = "2025-06-30T19:07:43.502Z" },
    { url = "https://files.pythonhosted.org/packages/a5/6d/6eac288f6c7a5eb6658f8441bcef3039b2313c17b1aebff7d83f7d7b46ba/zizmor-1.11.0-py3-none-musllinux_1_2_armv7l.whl", hash = "sha256:49e30e1a15e979841c87b7cb334fcf8e15460e303df650fe769e1f509dfe8e76", size = 6462735, upload-time = "2025-06-30T19:07:45.399Z" },
    { url = "https://files.pythonhosted.org/packages/d1/a9/8125be81024fd055102582908e7bb595fb6ffd2dd4a681916e002d2396ba/zizmor-1.11.0-py3-none-musllinux_1_2_x86_64.whl", hash = "sha256:d8270027912b227216a9a38c837e6a070ea3a7a9ea062f6cbc88249a851c1a10", size = 6859381, upload-time = "2025-06-30T19:07:46.814Z" },
    { url = "https://files.pythonhosted.org/packages/88/88/7e0a7de108d3d7fdedf11dbdb80dd603945c3df3ad4afdb151c1dac70b63/zizmor-1.11.0-py3-none-win32.whl", hash = "sha256:f9d276aa71e24cae13c2d666fae90f1abd9af438c2e8fc351b3d083b3d437676", size = 5692046, upload-time = "2025-06-30T19:07:50.882Z" },
    { url = "https://files.pythonhosted.org/packages/26/a8/75d6a40a938f0132cc74dfbd29b5dce5bf2ff8fd8272db732c3520b0d5aa/zizmor-1.11.0-py3-none-win_amd64.whl", hash = "sha256:c5a9021ebf353e76f2d93f25762cb4a51665db48f39a446ffff5db3af8fe6293", size = 6406777, upload-time = "2025-06-30T19:07:49.474Z" },
]
